// !$*UTF8*$!
{
	archiveVersion = 1;
	classes = {
	};
	objectVersion = 50;
	objects = {

/* Begin PBXBuildFile section */
		047C9BDA241A20710070BB52 /* AppDelegate.swift in Sources */ = {isa = PBXBuildFile; fileRef = 047C9BD9241A20710070BB52 /* AppDelegate.swift */; };
		047C9BDC241A20710070BB52 /* ViewController.swift in Sources */ = {isa = PBXBuildFile; fileRef = 047C9BDB241A20710070BB52 /* ViewController.swift */; };
		047C9BDF241A20710070BB52 /* Main.storyboard in Resources */ = {isa = PBXBuildFile; fileRef = 047C9BDD241A20710070BB52 /* Main.storyboard */; };
		047C9BE1241A20730070BB52 /* Assets.xcassets in Resources */ = {isa = PBXBuildFile; fileRef = 047C9BE0241A20730070BB52 /* Assets.xcassets */; };
		047C9BE4241A20730070BB52 /* LaunchScreen.storyboard in Resources */ = {isa = PBXBuildFile; fileRef = 047C9BE2241A20730070BB52 /* LaunchScreen.storyboard */; };
		048BE311241F594500E5B8AE /* Service.swift in Sources */ = {isa = PBXBuildFile; fileRef = 048BE310241F594500E5B8AE /* Service.swift */; };
		0494669F241B9A53006CCFED /* MovieVIewModel.swift in Sources */ = {isa = PBXBuildFile; fileRef = 0494669E241B9A53006CCFED /* MovieVIewModel.swift */; };
		049466A3241B9A75006CCFED /* MovieModal.swift in Sources */ = {isa = PBXBuildFile; fileRef = 049466A2241B9A75006CCFED /* MovieModal.swift */; };
/* End PBXBuildFile section */

/* Begin PBXFileReference section */
		047C9BD6241A20710070BB52 /* MVVMDemo.app */ = {isa = PBXFileReference; explicitFileType = wrapper.application; includeInIndex = 0; path = MVVMDemo.app; sourceTree = BUILT_PRODUCTS_DIR; };
		047C9BD9241A20710070BB52 /* AppDelegate.swift */ = {isa = PBXFileReference; lastKnownFileType = sourcecode.swift; path = AppDelegate.swift; sourceTree = "<group>"; };
		047C9BDB241A20710070BB52 /* ViewController.swift */ = {isa = PBXFileReference; lastKnownFileType = sourcecode.swift; path = ViewController.swift; sourceTree = "<group>"; };
		047C9BDE241A20710070BB52 /* Base */ = {isa = PBXFileReference; lastKnownFileType = file.storyboard; name = Base; path = Base.lproj/Main.storyboard; sourceTree = "<group>"; };
		047C9BE0241A20730070BB52 /* Assets.xcassets */ = {isa = PBXFileReference; lastKnownFileType = folder.assetcatalog; path = Assets.xcassets; sourceTree = "<group>"; };
		047C9BE3241A20730070BB52 /* Base */ = {isa = PBXFileReference; lastKnownFileType = file.storyboard; name = Base; path = Base.lproj/LaunchScreen.storyboard; sourceTree = "<group>"; };
		047C9BE5241A20730070BB52 /* Info.plist */ = {isa = PBXFileReference; lastKnownFileType = text.plist.xml; path = Info.plist; sourceTree = "<group>"; };
		048BE310241F594500E5B8AE /* Service.swift */ = {isa = PBXFileReference; fileEncoding = 4; lastKnownFileType = sourcecode.swift; path = Service.swift; sourceTree = "<group>"; };
		0494669E241B9A53006CCFED /* MovieVIewModel.swift */ = {isa = PBXFileReference; lastKnownFileType = sourcecode.swift; path = MovieVIewModel.swift; sourceTree = "<group>"; };
		049466A2241B9A75006CCFED /* MovieModal.swift */ = {isa = PBXFileReference; lastKnownFileType = sourcecode.swift; path = MovieModal.swift; sourceTree = "<group>"; };
/* End PBXFileReference section */

/* Begin PBXFrameworksBuildPhase section */
		047C9BD3241A20710070BB52 /* Frameworks */ = {
			isa = PBXFrameworksBuildPhase;
			buildActionMask = 2147483647;
			files = (
			);
			runOnlyForDeploymentPostprocessing = 0;
		};
/* End PBXFrameworksBuildPhase section */

/* Begin PBXGroup section */
		047C9BCD241A20710070BB52 = {
			isa = PBXGroup;
			children = (
				047C9BD8241A20710070BB52 /* MVVMDemo */,
				047C9BD7241A20710070BB52 /* Products */,
			);
			sourceTree = "<group>";
		};
		047C9BD7241A20710070BB52 /* Products */ = {
			isa = PBXGroup;
			children = (
				047C9BD6241A20710070BB52 /* MVVMDemo.app */,
			);
			name = Products;
			sourceTree = "<group>";
		};
		047C9BD8241A20710070BB52 /* MVVMDemo */ = {
			isa = PBXGroup;
			children = (
				0494669D241B9A23006CCFED /* AppDelegate */,
				04946698241B99B7006CCFED /* MovieModal */,
				0494669A241B99EA006CCFED /* MovieVIewModel */,
				0494669C241B9A0B006CCFED /* Controller */,
				0494669B241B99FC006CCFED /* View */,
				04946699241B99E5006CCFED /* Service */,
				047C9BE0241A20730070BB52 /* Assets.xcassets */,
				047C9BE2241A20730070BB52 /* LaunchScreen.storyboard */,
				047C9BE5241A20730070BB52 /* Info.plist */,
			);
			path = MVVMDemo;
			sourceTree = "<group>";
		};
		04946698241B99B7006CCFED /* MovieModal */ = {
			isa = PBXGroup;
			children = (
				049466A2241B9A75006CCFED /* MovieModal.swift */,
			);
			path = MovieModal;
			sourceTree = "<group>";
		};
		04946699241B99E5006CCFED /* Service */ = {
			isa = PBXGroup;
			children = (
				048BE310241F594500E5B8AE /* Service.swift */,
			);
			path = Service;
			sourceTree = "<group>";
		};
		0494669A241B99EA006CCFED /* MovieVIewModel */ = {
			isa = PBXGroup;
			children = (
				0494669E241B9A53006CCFED /* MovieVIewModel.swift */,
			);
			path = MovieVIewModel;
			sourceTree = "<group>";
		};
		0494669B241B99FC006CCFED /* View */ = {
			isa = PBXGroup;
			children = (
				047C9BDD241A20710070BB52 /* Main.storyboard */,
			);
			path = View;
			sourceTree = "<group>";
		};
		0494669C241B9A0B006CCFED /* Controller */ = {
			isa = PBXGroup;
			children = (
				047C9BDB241A20710070BB52 /* ViewController.swift */,
			);
			path = Controller;
			sourceTree = "<group>";
		};
		0494669D241B9A23006CCFED /* AppDelegate */ = {
			isa = PBXGroup;
			children = (
				047C9BD9241A20710070BB52 /* AppDelegate.swift */,
			);
			path = AppDelegate;
			sourceTree = "<group>";
		};
/* End PBXGroup section */

/* Begin PBXNativeTarget section */
		047C9BD5241A20710070BB52 /* MVVMDemo */ = {
			isa = PBXNativeTarget;
			buildConfigurationList = 047C9BE8241A20730070BB52 /* Build configuration list for PBXNativeTarget "MVVMDemo" */;
			buildPhases = (
				047C9BD2241A20710070BB52 /* Sources */,
				047C9BD3241A20710070BB52 /* Frameworks */,
				047C9BD4241A20710070BB52 /* Resources */,
			);
			buildRules = (
			);
			dependencies = (
			);
			name = MVVMDemo;
			productName = MVVMDemo;
			productReference = 047C9BD6241A20710070BB52 /* MVVMDemo.app */;
			productType = "com.apple.product-type.application";
		};
/* End PBXNativeTarget section */

/* Begin PBXProject section */
		047C9BCE241A20710070BB52 /* Project object */ = {
			isa = PBXProject;
			attributes = {
				LastSwiftUpdateCheck = 1010;
				LastUpgradeCheck = 1010;
				ORGANIZATIONNAME = mac;
				TargetAttributes = {
					047C9BD5241A20710070BB52 = {
						CreatedOnToolsVersion = 10.1;
					};
				};
			};
			buildConfigurationList = 047C9BD1241A20710070BB52 /* Build configuration list for PBXProject "MVVMDemo" */;
			compatibilityVersion = "Xcode 9.3";
			developmentRegion = en;
			hasScannedForEncodings = 0;
			knownRegions = (
				en,
				Base,
			);
			mainGroup = 047C9BCD241A20710070BB52;
			productRefGroup = 047C9BD7241A20710070BB52 /* Products */;
			projectDirPath = "";
			projectRoot = "";
			targets = (
				047C9BD5241A20710070BB52 /* MVVMDemo */,
			);
		};
/* End PBXProject section */

/* Begin PBXResourcesBuildPhase section */
		047C9BD4241A20710070BB52 /* Resources */ = {
			isa = PBXResourcesBuildPhase;
			buildActionMask = 2147483647;
			files = (
				047C9BE4241A20730070BB52 /* LaunchScreen.storyboard in Resources */,
				047C9BE1241A20730070BB52 /* Assets.xcassets in Resources */,
				047C9BDF241A20710070BB52 /* Main.storyboard in Resources */,
			);
			runOnlyForDeploymentPostprocessing = 0;
		};
/* End PBXResourcesBuildPhase section */

/* Begin PBXSourcesBuildPhase section */
		047C9BD2241A20710070BB52 /* Sources */ = {
			isa = PBXSourcesBuildPhase;
			buildActionMask = 2147483647;
			files = (
				047C9BDC241A20710070BB52 /* ViewController.swift in Sources */,
				047C9BDA241A20710070BB52 /* AppDelegate.swift in Sources */,
				048BE311241F594500E5B8AE /* Service.swift in Sources */,
				049466A3241B9A75006CCFED /* MovieModal.swift in Sources */,
				0494669F241B9A53006CCFED /* MovieVIewModel.swift in Sources */,
			);
			runOnlyForDeploymentPostprocessing = 0;
		};
/* End PBXSourcesBuildPhase section */

/* Begin PBXVariantGroup section */
		047C9BDD241A20710070BB52 /* Main.storyboard */ = {
			isa = PBXVariantGroup;
			children = (
				047C9BDE241A20710070BB52 /* Base */,
			);
			name = Main.storyboard;
			sourceTree = "<group>";
		};
		047C9BE2241A20730070BB52 /* LaunchScreen.storyboard */ = {
			isa = PBXVariantGroup;
			children = (
				047C9BE3241A20730070BB52 /* Base */,
			);
			name = LaunchScreen.storyboard;
			sourceTree = "<group>";
		};
/* End PBXVariantGroup section */

/* Begin XCBuildConfiguration section */
		047C9BE6241A20730070BB52 /* Debug */ = {
			isa = XCBuildConfiguration;
			buildSettings = {
				ALWAYS_SEARCH_USER_PATHS = NO;
				CLANG_ANALYZER_NONNULL = YES;
				CLANG_ANALYZER_NUMBER_OBJECT_CONVERSION = YES_AGGRESSIVE;
				CLANG_CXX_LANGUAGE_STANDARD = "gnu++14";
				CLANG_CXX_LIBRARY = "libc++";
				CLANG_ENABLE_MODULES = YES;
				CLANG_ENABLE_OBJC_ARC = YES;
				CLANG_ENABLE_OBJC_WEAK = YES;
				CLANG_WARN_BLOCK_CAPTURE_AUTORELEASING = YES;
				CLANG_WARN_BOOL_CONVERSION = YES;
				CLANG_WARN_COMMA = YES;
				CLANG_WARN_CONSTANT_CONVERSION = YES;
				CLANG_WARN_DEPRECATED_OBJC_IMPLEMENTATIONS = YES;
				CLANG_WARN_DIRECT_OBJC_ISA_USAGE = YES_ERROR;
				CLANG_WARN_DOCUMENTATION_COMMENTS = YES;
				CLANG_WARN_EMPTY_BODY = YES;
				CLANG_WARN_ENUM_CONVERSION = YES;
				CLANG_WARN_INFINITE_RECURSION = YES;
				CLANG_WARN_INT_CONVERSION = YES;
				CLANG_WARN_NON_LITERAL_NULL_CONVERSION = YES;
				CLANG_WARN_OBJC_IMPLICIT_RETAIN_SELF = YES;
				CLANG_WARN_OBJC_LITERAL_CONVERSION = YES;
				CLANG_WARN_OBJC_ROOT_CLASS = YES_ERROR;
				CLANG_WARN_RANGE_LOOP_ANALYSIS = YES;
				CLANG_WARN_STRICT_PROTOTYPES = YES;
				CLANG_WARN_SUSPICIOUS_MOVE = YES;
				CLANG_WARN_UNGUARDED_AVAILABILITY = YES_AGGRESSIVE;
				CLANG_WARN_UNREACHABLE_CODE = YES;
				CLANG_WARN__DUPLICATE_METHOD_MATCH = YES;
				CODE_SIGN_IDENTITY = "iPhone Developer";
				COPY_PHASE_STRIP = NO;
				DEBUG_INFORMATION_FORMAT = dwarf;
				ENABLE_STRICT_OBJC_MSGSEND = YES;
				ENABLE_TESTABILITY = YES;
				GCC_C_LANGUAGE_STANDARD = gnu11;
				GCC_DYNAMIC_NO_PIC = NO;
				GCC_NO_COMMON_BLOCKS = YES;
				GCC_OPTIMIZATION_LEVEL = 0;
				GCC_PREPROCESSOR_DEFINITIONS = (
					"DEBUG=1",
					"$(inherited)",
				);
				GCC_WARN_64_TO_32_BIT_CONVERSION = YES;
				GCC_WARN_ABOUT_RETURN_TYPE = YES_ERROR;
				GCC_WARN_UNDECLARED_SELECTOR = YES;
				GCC_WARN_UNINITIALIZED_AUTOS = YES_AGGRESSIVE;
				GCC_WARN_UNUSED_FUNCTION = YES;
				GCC_WARN_UNUSED_VARIABLE = YES;
				IPHONEOS_DEPLOYMENT_TARGET = 12.1;
				MTL_ENABLE_DEBUG_INFO = INCLUDE_SOURCE;
				MTL_FAST_MATH = YES;
				ONLY_ACTIVE_ARCH = YES;
				SDKROOT = iphoneos;
				SWIFT_ACTIVE_COMPILATION_CONDITIONS = DEBUG;
				SWIFT_OPTIMIZATION_LEVEL = "-Onone";
			};
			name = Debug;
		};
		047C9BE7241A20730070BB52 /* Release */ = {
			isa = XCBuildConfiguration;
			buildSettings = {
				ALWAYS_SEARCH_USER_PATHS = NO;
				CLANG_ANALYZER_NONNULL = YES;
				CLANG_ANALYZER_NUMBER_OBJECT_CONVERSION = YES_AGGRESSIVE;
				CLANG_CXX_LANGUAGE_STANDARD = "gnu++14";
				CLANG_CXX_LIBRARY = "libc++";
				CLANG_ENABLE_MODULES = YES;
				CLANG_ENABLE_OBJC_ARC = YES;
				CLANG_ENABLE_OBJC_WEAK = YES;
				CLANG_WARN_BLOCK_CAPTURE_AUTORELEASING = YES;
				CLANG_WARN_BOOL_CONVERSION = YES;
				CLANG_WARN_COMMA = YES;
				CLANG_WARN_CONSTANT_CONVERSION = YES;
				CLANG_WARN_DEPRECATED_OBJC_IMPLEMENTATIONS = YES;
				CLANG_WARN_DIRECT_OBJC_ISA_USAGE = YES_ERROR;
				CLANG_WARN_DOCUMENTATION_COMMENTS = YES;
				CLANG_WARN_EMPTY_BODY = YES;
				CLANG_WARN_ENUM_CONVERSION = YES;
				CLANG_WARN_INFINITE_RECURSION = YES;
				CLANG_WARN_INT_CONVERSION = YES;
				CLANG_WARN_NON_LITERAL_NULL_CONVERSION = YES;
				CLANG_WARN_OBJC_IMPLICIT_RETAIN_SELF = YES;
				CLANG_WARN_OBJC_LITERAL_CONVERSION = YES;
				CLANG_WARN_OBJC_ROOT_CLASS = YES_ERROR;
				CLANG_WARN_RANGE_LOOP_ANALYSIS = YES;
				CLANG_WARN_STRICT_PROTOTYPES = YES;
				CLANG_WARN_SUSPICIOUS_MOVE = YES;
				CLANG_WARN_UNGUARDED_AVAILABILITY = YES_AGGRESSIVE;
				CLANG_WARN_UNREACHABLE_CODE = YES;
				CLANG_WARN__DUPLICATE_METHOD_MATCH = YES;
				CODE_SIGN_IDENTITY = "iPhone Developer";
				COPY_PHASE_STRIP = NO;
				DEBUG_INFORMATION_FORMAT = "dwarf-with-dsym";
				ENABLE_NS_ASSERTIONS = NO;
				ENABLE_STRICT_OBJC_MSGSEND = YES;
				GCC_C_LANGUAGE_STANDARD = gnu11;
				GCC_NO_COMMON_BLOCKS = YES;
				GCC_WARN_64_TO_32_BIT_CONVERSION = YES;
				GCC_WARN_ABOUT_RETURN_TYPE = YES_ERROR;
				GCC_WARN_UNDECLARED_SELECTOR = YES;
				GCC_WARN_UNINITIALIZED_AUTOS = YES_AGGRESSIVE;
				GCC_WARN_UNUSED_FUNCTION = YES;
				GCC_WARN_UNUSED_VARIABLE = YES;
				IPHONEOS_DEPLOYMENT_TARGET = 12.1;
				MTL_ENABLE_DEBUG_INFO = NO;
				MTL_FAST_MATH = YES;
				SDKROOT = iphoneos;
				SWIFT_COMPILATION_MODE = wholemodule;
				SWIFT_OPTIMIZATION_LEVEL = "-O";
				VALIDATE_PRODUCT = YES;
			};
			name = Release;
		};
		047C9BE9241A20730070BB52 /* Debug */ = {
			isa = XCBuildConfiguration;
			buildSettings = {
				ASSETCATALOG_COMPILER_APPICON_NAME = AppIcon;
				CODE_SIGN_STYLE = Automatic;
				INFOPLIST_FILE = MVVMDemo/Info.plist;
				LD_RUNPATH_SEARCH_PATHS = (
					"$(inherited)",
					"@executable_path/Frameworks",
				);
				PRODUCT_BUNDLE_IDENTIFIER = jf.MVVMDemo;
				PRODUCT_NAME = "$(TARGET_NAME)";
				SWIFT_VERSION = 4.2;
				TARGETED_DEVICE_FAMILY = "1,2";
			};
			name = Debug;
		};
		047C9BEA241A20730070BB52 /* Release */ = {
			isa = XCBuildConfiguration;
			buildSettings = {
				ASSETCATALOG_COMPILER_APPICON_NAME = AppIcon;
				CODE_SIGN_STYLE = Automatic;
				INFOPLIST_FILE = MVVMDemo/Info.plist;
				LD_RUNPATH_SEARCH_PATHS = (
					"$(inherited)",
					"@executable_path/Frameworks",
				);
				PRODUCT_BUNDLE_IDENTIFIER = jf.MVVMDemo;
				PRODUCT_NAME = "$(TARGET_NAME)";
				SWIFT_VERSION = 4.2;
				TARGETED_DEVICE_FAMILY = "1,2";
			};
			name = Release;
		};
/* End XCBuildConfiguration section */

/* Begin XCConfigurationList section */
		047C9BD1241A20710070BB52 /* Build configuration list for PBXProject "MVVMDemo" */ = {
			isa = XCConfigurationList;
			buildConfigurations = (
				047C9BE6241A20730070BB52 /* Debug */,
				047C9BE7241A20730070BB52 /* Release */,
			);
			defaultConfigurationIsVisible = 0;
			defaultConfigurationName = Release;
		};
		047C9BE8241A20730070BB52 /* Build configuration list for PBXNativeTarget "MVVMDemo" */ = {
			isa = XCConfigurationList;
			buildConfigurations = (
				047C9BE9241A20730070BB52 /* Debug */,
				047C9BEA241A20730070BB52 /* Release */,
			);
			defaultConfigurationIsVisible = 0;
			defaultConfigurationName = Release;
		};
/* End XCConfigurationList section */
	};
	rootObject = 047C9BCE241A20710070BB52 /* Project object */;
}
